
Microsoft Visual Studio Solution File, Format Version 12.00
# Visual Studio Version 16
VisualStudioVersion = 16.0.29728.190
MinimumVisualStudioVersion = 10.0.40219.1
Project("{FAE04EC0-301F-11D3-BF4B-00C04F79EFBC}") = "LeeGray_s00188181", "LeeGray_s00188181\LeeGray_s00188181.csproj", "{CC7F3C78-9169-4F73-A850-2D6B92D14D82}"
EndProject
Project("{FAE04EC0-301F-11D3-BF4B-00C04F79EFBC}") = "DataBase", "DataBase\DataBase.csproj", "{48256A01-FECC-4938-85DC-50DA30EBDC39}"
EndProject
Global
	GlobalSection(SolutionConfigurationPlatforms) = preSolution
		Debug|Any CPU = Debug|Any CPU
		Release|Any CPU = Release|Any CPU
	EndGlobalSection
	GlobalSection(ProjectConfigurationPlatforms) = postSolution
		{CC7F3C78-9169-4F73-A850-2D6B92D14D82}.Debug|Any CPU.ActiveCfg = Debug|Any CPU
		{CC7F3C78-9169-4F73-A850-2D6B92D14D82}.Debug|Any CPU.Build.0 = Debug|Any CPU
		{CC7F3C78-9169-4F73-A850-2D6B92D14D82}.Release|Any CPU.ActiveCfg = Release|Any CPU
		{CC7F3C78-9169-4F73-A850-2D6B92D14D82}.Release|Any CPU.Build.0 = Release|Any CPU
		{48256A01-FECC-4938-85DC-50DA30EBDC39}.Debug|Any CPU.ActiveCfg = Debug|Any CPU
		{48256A01-FECC-4938-85DC-50DA30EBDC39}.Debug|Any CPU.Build.0 = Debug|Any CPU
		{48256A01-FECC-4938-85DC-50DA30EBDC39}.Release|Any CPU.ActiveCfg = Release|Any CPU
		{48256A01-FECC-4938-85DC-50DA30EBDC39}.Release|Any CPU.Build.0 = Release|Any CPU
	EndGlobalSection
	GlobalSection(SolutionProperties) = preSolution
		HideSolutionNode = FALSE
	EndGlobalSection
	GlobalSection(ExtensibilityGlobals) = postSolution
		SolutionGuid = {C1D9C340-D843-4D07-99E2-3980238249D6}
	EndGlobalSection
EndGlobal
